{
    "name": "mathjaxrenderer",
    "version": "0.1.0",
    "lockfileVersion": 2,
    "requires": true,
    "packages": {
        "": {
            "name": "mathjaxrenderer",
            "version": "0.1.0",
            "license": "MIT",
            "dependencies": {
                "mathjax": "^3.1.2"
            }
        },
        "node_modules/mathjax": {
            "version": "3.1.2",
            "resolved": "https://registry.npmjs.org/mathjax/-/mathjax-3.1.2.tgz",
            "integrity": "sha512-BojKspBv4nNWzO1wC6VEI+g9gHDOhkaGHGgLxXkasdU4pwjdO5AXD5M/wcLPkXYPjZ/N+6sU8rjQTlyvN2cWiQ=="
        }
    },
    "dependencies": {
        "mathjax": {
            "version": "3.1.2",
            "resolved": "https://registry.npmjs.org/mathjax/-/mathjax-3.1.2.tgz",
            "integrity": "sha512-BojKspBv4nNWzO1wC6VEI+g9gHDOhkaGHGgLxXkasdU4pwjdO5AXD5M/wcLPkXYPjZ/N+6sU8rjQTlyvN2cWiQ=="
        }
    }
}
