{
    "name": "mathjaxrenderer",
    "version": "0.1.0",
    "lockfileVersion": 2,
    "requires": true,
    "packages": {
        "": {
            "name": "mathjaxrenderer",
            "version": "0.1.0",
            "license": "MIT",
            "dependencies": {
                "mathjax": "^4.0.0"
            }
        },
        "node_modules/@mathjax/mathjax-newcm-font": {
            "version": "4.0.0",
            "resolved": "https://registry.npmjs.org/@mathjax/mathjax-newcm-font/-/mathjax-newcm-font-4.0.0.tgz",
            "integrity": "sha512-kpsJgIF4FpWiwIkFgOPmWwy5GXfL25spmJJNg27HQxPddmEL8Blx0jn2BuU/nlwjM/9SnYpEfDrWiAMgLPlB8Q=="
        },
        "node_modules/mathjax": {
            "version": "4.0.0",
            "resolved": "https://registry.npmjs.org/mathjax/-/mathjax-4.0.0.tgz",
            "integrity": "sha512-ThMPHiPl9ibZBInAmfoTCNq9MgCdH7ChIQ9YhKFc325noJ4DMzy9/Q14qdcuPzVJjEmC3kyXhwnERZWX3hbWzQ==",
            "dependencies": {
                "@mathjax/mathjax-newcm-font": "^4.0.0"
            }
        }
    },
    "dependencies": {
        "@mathjax/mathjax-newcm-font": {
            "version": "4.0.0",
            "resolved": "https://registry.npmjs.org/@mathjax/mathjax-newcm-font/-/mathjax-newcm-font-4.0.0.tgz",
            "integrity": "sha512-kpsJgIF4FpWiwIkFgOPmWwy5GXfL25spmJJNg27HQxPddmEL8Blx0jn2BuU/nlwjM/9SnYpEfDrWiAMgLPlB8Q=="
        },
        "mathjax": {
            "version": "4.0.0",
            "resolved": "https://registry.npmjs.org/mathjax/-/mathjax-4.0.0.tgz",
            "integrity": "sha512-ThMPHiPl9ibZBInAmfoTCNq9MgCdH7ChIQ9YhKFc325noJ4DMzy9/Q14qdcuPzVJjEmC3kyXhwnERZWX3hbWzQ==",
            "requires": {
                "@mathjax/mathjax-newcm-font": "^4.0.0"
            }
        }
    }
}
