{
    "name": "mathjaxrenderer",
    "version": "0.1.0",
    "lockfileVersion": 2,
    "requires": true,
    "packages": {
        "": {
            "name": "mathjaxrenderer",
            "version": "0.1.0",
            "license": "MIT",
            "dependencies": {
                "mathjax": "^4.0.0"
            }
        },
        "node_modules/@mathjax/mathjax-newcm-font": {
            "version": "4.1.2",
            "resolved": "https://registry.npmjs.org/@mathjax/mathjax-newcm-font/-/mathjax-newcm-font-4.1.2.tgz",
            "integrity": "sha512-lZHMjNP2XbABHA3kVn40rbse5ERUeMEmrGH03qLkCwxq4/5Z/eNLr0akw1MmQcqTwCbvkx1BFcmJ7RCfbRlw3Q=="
        },
        "node_modules/mathjax": {
            "version": "4.1.2",
            "resolved": "https://registry.npmjs.org/mathjax/-/mathjax-4.1.2.tgz",
            "integrity": "sha512-EQDS8xBpVg179BXoLeZ9JlwUFftOC5qylw20UlAMDhrTuooENigOocY79aNkkFSyvj/AST/89ZAo12+r5bPI4w==",
            "dependencies": {
                "@mathjax/mathjax-newcm-font": "^4.1.2"
            }
        }
    },
    "dependencies": {
        "@mathjax/mathjax-newcm-font": {
            "version": "4.1.2",
            "resolved": "https://registry.npmjs.org/@mathjax/mathjax-newcm-font/-/mathjax-newcm-font-4.1.2.tgz",
            "integrity": "sha512-lZHMjNP2XbABHA3kVn40rbse5ERUeMEmrGH03qLkCwxq4/5Z/eNLr0akw1MmQcqTwCbvkx1BFcmJ7RCfbRlw3Q=="
        },
        "mathjax": {
            "version": "4.1.2",
            "resolved": "https://registry.npmjs.org/mathjax/-/mathjax-4.1.2.tgz",
            "integrity": "sha512-EQDS8xBpVg179BXoLeZ9JlwUFftOC5qylw20UlAMDhrTuooENigOocY79aNkkFSyvj/AST/89ZAo12+r5bPI4w==",
            "requires": {
                "@mathjax/mathjax-newcm-font": "^4.1.2"
            }
        }
    }
}
